github.com/bytedance/sonic v1.9.1 h1:KY0Sr4RQjhRBUGsHmJVhMyUmnWKGeY6dgeMfQ0HnEgI=
github.com/bytedance/sonic v1.9.1/go.mod h1:Rcz66YCJMu8ChEB3hGhkPFeBObFGNexiOCrhcly1sM=
github.com/chenzhuoyu/base64x v0.0.0-20211019084208-fb5309c8db06 v1.0.0 h1:k3z6nFTN1qhxqp8LmUhv4/QJ3B2PkHVvqoL8EMkpF0M=
github.com/chenzhuoyu/base64x v0.0.0-20211019084208-fb5309c8db06/go.mod h1:1w0NfzOIIqTIqAfuGRHdi0u6Lzi+8q4k3t/Ay/fW3qU=
github.com/gabriel-vasile/mimetype v1.4.2 h1:A/eH8Wy/Zi6ejcxhkcIa1X4dGYY2cwNWbd7kbSoJpFQ=
github.com/gabriel-vasile/mimetype v1.4.2/go.mod h1:Z9PFeS8h1DfoH6GeB7LnMxfQFfS4OA8DS8i9LdqqTB8=
github.com/gin-contrib/sse v0.1.0 h1:Y/Cl/i/1j16WiHBiY02aIj8A/s/HfzIjDvL//hP85yg=
github.com/gin-contrib/sse v0.1.0/go.mod h1:RHcSgTYAtuGpo0mU9sD1uEjbphc+7d4a4hVcBkOHUQw=
github.com/gin-gonic/gin v1.9.1 h1:4+fr/el88TOO3ewCmQr8cx/CtZ/umlIRIs5M4NTNjf8=
github.com/gin-gonic/gin v1.9.1/go.mod h1:ijgedkEgUiMjr0Uv0gIkOIBSYkRqo1lWM5+q3yDMvIs=
github.com/goccy/go-json v0.10.2 h1:ZDk1L139nFLsCkJpCfMnD0YQXG2FbbQFtFaLgETuGmk=
github.com/goccy/go-json v0.10.2/go.mod h1:OqNsaGpSFHAcULuViNUsrMNH22olzSKFkMrWTR/PJgY=
github.com/golang/protobuf v1.5.3 h1:KhyjKVUg7Uhv7b4YgIelvT0ZqJqU1V8y1Y7lYXj1a8s=
github.com/golang/protobuf v1.5.3/go.mod h1:VF5PgEVvDqPb1Dn4YHvKmQJ5nDKTXOaCgMgWdTQWj8k=
github.com/google/go-cmp v0.6.0 h1:ofyhxvBBp2g9/IY0BzGsv9l2qWe/Ac7XsqRCKl6QLA8=
github.com/google/go-cmp v0.6.0/go.mod h1:pY8kKYPf8L2FV1OgQ/Zjb4KqSNvBda8P5U4mXhj1iVE=
github.com/google/uuid v1.3.0 h1:t6Ji3ewwN+YZMbaWO4at9UM7yTwE3yUa3rGNGR5Q5gU=
github.com/google/uuid v1.3.0/go.mod h1:TIk9YtUbp3yx0gS1sCzDfhPSSmIIMdM/I/FI7Q6e9HY=
github.com/gorilla/websocket v1.4.2 h1:+/TMhTYfZhP6aFI8cVzDcCgi7h5cMO/D+DMpUUH/7Q=
github.com/gorilla/websocket v1.4.2/go.mod h1:+/TMhTYfZhP6aFI8cVzDcCgi7h5cMO/D+DMpUUH/7Q=
github.com/json-iterator/go v1.1.12 h1:PV8peI4a0ysnczrg+LgjykFrvRy6r3zJkCj3eD2rL3k=
github.com/json-iterator/go v1.1.12/go.mod h1:e30LSqwooZae/UwlEbRzt8IiG1Kq/lAmaNlFjzNnQqo=
github.com/klauspost/cpuid/v2 v2.0.9 h1:lRnuBgZ8A3/cN0bXIJ0D7O0rP/5myWrIU0uLrFT4ho=
github.com/klauspost/cpuid/v2 v2.0.9/go.mod h1:WUdpkqfBrMkf//mIMdB6EqQ/1kbHO/0L4HKB9M9yMTo=
github.com/leodido/go-urn v1.2.4 h1:tdMrKT/k/8Y3gIJREiU4oj/ANwmygc+w/2VdXj9CQU=
github.com/leodido/go-urn v1.2.4/go.mod h1:tAkbdtF3oR2HRFtJPDgQOyn/56fn0QQ5UK0s4g1Az78=
github.com/mattn/go-isatty v0.0.11 h1:MnyfS2g3vVN6gW17A+Z3/G/xFZJmLXp+/G2CQh7SJ0c=
github.com/mattn/go-isatty v0.0.11/go.mod h1:OIkA37k/SQw7NWQdpYlRvjXpLKTnnh+KtMjKHLiUJ4g=
github.com/mattn/go-isatty v0.0.16 h1:bqMrV3T/rkmc3XM8s+43UpXWSqkkw5PQEjkH+ZCjMZ8=
github.com/mattn/go-isatty v0.0.16/go.mod h1:W+V8PltTTMOvKvAeJH78CZ0C7KM1+8F/9gOoiy1E+4U=
github.com/mattn/go-runewidth v0.0.13 h1:lTGmD5/LB2H81JwPYxnBNonSsW3b7g8ICf+7d9lSI=
github.com/mattn/go-runewidth v0.0.13/go.mod h1:JQF98g7eP/ixEylHkM3B3DF/zzQYfY806h9H/x1Lig=
github.com/modern-go/concurrent v0.0.0-20180306012644-bacd9c7ef1dd h1:TRLaZ9cD/w8Vh9dki5I5nDvGgBvTgPqg4oQDqzP0y4=
github.com/modern-go/concurrent v0.0.0-20180306012644-bacd9c7ef1dd/go.mod h1:6dJC0mAP4ikYI5ycBZi8DgIzZU07d8p+5FzS7F4D8I=
github.com/modern-go/reflect2 v1.0.2 h1:xBago3FsETt0xwuI6yr5S4s12gFfAsLdRCyhGJsOUgk=
github.com/modern-go/reflect2 v1.0.2/go.mod h1:6dLC/1L80cBvvM42/9dMR9ynovWBKsU7//D5BEB9sJM=
github.com/nats-io/nats.go v1.34.0 h1:rfvJknDq2F0EqiRLXHU8dYjFncwZR0fhMv68d/yy80=
github.com/nats-io/nats.go v1.34.0/go.mod h1:JQAi8Yhlwkyrf3gVPFdIiL4JR2Ld0LuvSmbmyX1hk8=
github.com/nats-io/nkeys v0.4.6 h1:JLAjSxp2saVN3qbq0kWM6DY+aGKKRj1qB3L0f2FvMA=
github.com/nats-io/nkeys v0.4.6/go.mod h1:buoKDDkniUfm+3NZPycWJwxA0IxlJrOIEnGP0KYKQM=
github.com/nats-io/nuid v1.0.1 h1:5i45xEFmi+QZQmHdP6vnZ/f8QvZmTmCg6I1BVJaOJk=
github.com/nats-io/nuid v1.0.1/go.mod h1:1whl2u7AaMTbvE9rJQcJv8YOP0gYdpLAWC1PnXMtVM=
github.com/pelletier/go-toml/v2 v2.0.8 h1:vM2xeqHMbDJkZ3UqUa3+72/mOdS5+b/o/IBuYyhbHA=
github.com/pelletier/go-toml/v2 v2.0.8/go.mod h1:mrJB0Xdz8MyAnPkie1L/1o4s4ydtyMjGmGi52oLgTo=
github.com/pkg/errors v0.9.1 h1:FEBLk1gsClm4/6MPNljch8EwMmMzJkJ7cLKDWyqfGg=
github.com/pkg/errors v0.9.1/go.mod h1:bwk4EhA2d5A1ieMR2PZ4y1iVc+gCv7B0Bh2tMwJvP/I=
github.com/rs/xid v1.5.0 h1:mKX4bl4aPY7BIpxsq3CFREDgAO3NNXjD3LrHcLZFjg=
github.com/rs/xid v1.5.0/go.mod h1:trrq9SKmegXys3aeAKXMUTdJsYXVwGY3RLcfgqegfbg=
github.com/ugorji/go/codec v1.2.11 h1:9LRicSrLu10WF9OyIhB2ZfOzQGn5pqd3WlxKk0SCdYI=
github.com/ugorji/go/codec v1.2.11/go.mod h1:UNopzCgEMSijS64PZtmQgTwg8sPJQ38OF2kUPU8xQM=
github.com/zeebo/xxh3 v1.0.2 h1:i1YBwuLpyBBSsBR2lGMrpO0kUO7/mzjxKxOztJ+tLs=
github.com/zeebo/xxh3 v1.0.2/go.mod h1:5NdRzDWC6EKBMSn1zCzgFYJoQhlaCXYwxFtpGuwZEtw=
go.uber.org/multierr v1.11.0 h1:blXXJkSsSSGkwYe74sIKNmJm0a3DMjG9qwMNJiBQKM=
go.uber.org/multierr v1.11.0/go.mod h1:WYI8gGMJbj0oHUbQ+KxE/leL1l1GQ2mhIx7tMcS58s=
go.uber.org/zap v1.27.0 h1:aJMhYGrd4QSj8SYRM8wtaBSjsBpqPWJol2/BWeP5Xwg=
go.uber.org/zap v1.27.0/go.mod h1:BLAUo6IcE5m2XDzFjl87/5mZNcPn3B0BdknMAMM9KQ=
golang.org/x/arch v0.0.0-20210923205945-b76863e36670 h1:18EFjUmQOcUvxqrYSRX0Ewkx0vJ+6DhNZzY6xKcRmJA=
golang.org/x/arch v0.0.0-20210923205945-b76863e36670/go.mod h1:5om86zJmxkWPaRYAa5qgRdjgBiF2t8/1Z47BBDnA8N=
golang.org/x/net v0.17.0 h1:pVaXbccWs4YkB3mepH56a+Xv/0YD7ZL2VwPqXG1rXI=
golang.org/x/net v0.17.0/go.mod h1:aL4NQgCcEuLGJ2a2emei8lqpAaHK7wL6vVjW6ZCDK0=
golang.org/x/sys v0.0.0-20220715151400-c0b2967a9c14 h1:d2cC8PnBnZcO9E7m0mGz1eU0YHnpM0K+G9L+X7U5w=
golang.org/x/sys v0.0.0-20220715151400-c0b2967a9c14/go.mod h1:oPkhp1MJrh7nUepCBck5+mAzfO9JrbApNNgaTdGDITg=
golang.org/x/sys v0.8.0 h1:JBtNd8wiSL9bz4j0tDdjHYIt2IJZ8Qb0g8k8NcXfD0k=
golang.org/x/sys v0.8.0/go.mod h1:oPkhp1MJrh7nUepCBck5+mAzfO9JrbApNNgaTdGDITg=
golang.org/x/text v0.13.0 h1:ablQ3ruoRjDFiRUJiMmEcgOb/7WwZpSsEG5nMPTzqA=
golang.org/x/text v0.13.0/go.mod h1:tvZ1LKnFqRUlVRiG/LqZQGI0Tgrn+hhO3h4G5iIQQg=
google.golang.org/protobuf v1.30.0 h1:kPPoIgf3TsEvrm0PFe15JQ+Y7/x40xPYFNJmzQa1fHM=
google.golang.org/protobuf v1.30.0/go.mod h1:HV8QOd/LGOABzj5sVid7qh79lPcM68sGY5FDiIT+ls=
gopkg.in/yaml.v3 v3.0.1 h1:J00gTtmDfNf+F4C/Hg1d8MCGPfXQrXUJO/VskMhcRgY=
gopkg.in/yaml.v3 v3.0.1/go.mod h1:K4uyWvzSb7jIiE4gE8JN4mV55AGfZsE8dJGk+Ld7aE=
